
Microsoft Visual Studio Solution File, Format Version 12.00
# Visual Studio Version 17
VisualStudioVersion = 17.7.34024.191
MinimumVisualStudioVersion = 10.0.40219.1
Project("{FAE04EC0-301F-11D3-BF4B-00C04F79EFBC}") = "ModuloAdministracion", "ModuloAdministracion\ModuloAdministracion.csproj", "{C2B09518-5CC2-4CE7-BBFC-23E626ED045B}"
EndProject
Global
	GlobalSection(SolutionConfigurationPlatforms) = preSolution
		Debug|Any CPU = Debug|Any CPU
		Release|Any CPU = Release|Any CPU
	EndGlobalSection
	GlobalSection(ProjectConfigurationPlatforms) = postSolution
		{C2B09518-5CC2-4CE7-BBFC-23E626ED045B}.Debug|Any CPU.ActiveCfg = Debug|Any CPU
		{C2B09518-5CC2-4CE7-BBFC-23E626ED045B}.Debug|Any CPU.Build.0 = Debug|Any CPU
		{C2B09518-5CC2-4CE7-BBFC-23E626ED045B}.Release|Any CPU.ActiveCfg = Release|Any CPU
		{C2B09518-5CC2-4CE7-BBFC-23E626ED045B}.Release|Any CPU.Build.0 = Release|Any CPU
	EndGlobalSection
	GlobalSection(SolutionProperties) = preSolution
		HideSolutionNode = FALSE
	EndGlobalSection
	GlobalSection(ExtensibilityGlobals) = postSolution
		SolutionGuid = {0F3921F1-856F-48B7-BAF9-2B5ECBA4120F}
	EndGlobalSection
EndGlobal
